
Microsoft Visual Studio Solution File, Format Version 12.00
# Visual Studio Version 17
VisualStudioVersion = 17.3.32825.248
MinimumVisualStudioVersion = 10.0.40219.1
Project("{9A19103F-16F7-4668-BE54-9A1E7A4F7556}") = "BlogProject", "BlogProject.csproj", "{AB9D3EEB-0FE3-46A7-B065-75AE66933CC2}"
EndProject
Project("{9A19103F-16F7-4668-BE54-9A1E7A4F7556}") = "EntityLayer", "..\EntityLayer\EntityLayer.csproj", "{B749D5CB-ADB3-4B78-B660-B276952946E8}"
EndProject
Project("{9A19103F-16F7-4668-BE54-9A1E7A4F7556}") = "DataAccesLayer", "..\DataAccesLayer\DataAccesLayer.csproj", "{2F8C6344-E81E-422D-AF42-2274BF3751BC}"
EndProject
Project("{9A19103F-16F7-4668-BE54-9A1E7A4F7556}") = "BusinessLayer", "..\BusinessLayer\BusinessLayer.csproj", "{1F67D8B8-AD1C-485F-8F62-3465837C7263}"
EndProject
Project("{9A19103F-16F7-4668-BE54-9A1E7A4F7556}") = "CoreLayer", "..\CoreLayer\CoreLayer.csproj", "{F067AF10-CA36-450C-8700-A0BAE685BD44}"
EndProject
Global
	GlobalSection(SolutionConfigurationPlatforms) = preSolution
		Debug|Any CPU = Debug|Any CPU
		Release|Any CPU = Release|Any CPU
	EndGlobalSection
	GlobalSection(ProjectConfigurationPlatforms) = postSolution
		{AB9D3EEB-0FE3-46A7-B065-75AE66933CC2}.Debug|Any CPU.ActiveCfg = Debug|Any CPU
		{AB9D3EEB-0FE3-46A7-B065-75AE66933CC2}.Debug|Any CPU.Build.0 = Debug|Any CPU
		{AB9D3EEB-0FE3-46A7-B065-75AE66933CC2}.Release|Any CPU.ActiveCfg = Release|Any CPU
		{AB9D3EEB-0FE3-46A7-B065-75AE66933CC2}.Release|Any CPU.Build.0 = Release|Any CPU
		{B749D5CB-ADB3-4B78-B660-B276952946E8}.Debug|Any CPU.ActiveCfg = Debug|Any CPU
		{B749D5CB-ADB3-4B78-B660-B276952946E8}.Debug|Any CPU.Build.0 = Debug|Any CPU
		{B749D5CB-ADB3-4B78-B660-B276952946E8}.Release|Any CPU.ActiveCfg = Release|Any CPU
		{B749D5CB-ADB3-4B78-B660-B276952946E8}.Release|Any CPU.Build.0 = Release|Any CPU
		{2F8C6344-E81E-422D-AF42-2274BF3751BC}.Debug|Any CPU.ActiveCfg = Debug|Any CPU
		{2F8C6344-E81E-422D-AF42-2274BF3751BC}.Debug|Any CPU.Build.0 = Debug|Any CPU
		{2F8C6344-E81E-422D-AF42-2274BF3751BC}.Release|Any CPU.ActiveCfg = Release|Any CPU
		{2F8C6344-E81E-422D-AF42-2274BF3751BC}.Release|Any CPU.Build.0 = Release|Any CPU
		{1F67D8B8-AD1C-485F-8F62-3465837C7263}.Debug|Any CPU.ActiveCfg = Debug|Any CPU
		{1F67D8B8-AD1C-485F-8F62-3465837C7263}.Debug|Any CPU.Build.0 = Debug|Any CPU
		{1F67D8B8-AD1C-485F-8F62-3465837C7263}.Release|Any CPU.ActiveCfg = Release|Any CPU
		{1F67D8B8-AD1C-485F-8F62-3465837C7263}.Release|Any CPU.Build.0 = Release|Any CPU
		{F067AF10-CA36-450C-8700-A0BAE685BD44}.Debug|Any CPU.ActiveCfg = Debug|Any CPU
		{F067AF10-CA36-450C-8700-A0BAE685BD44}.Debug|Any CPU.Build.0 = Debug|Any CPU
		{F067AF10-CA36-450C-8700-A0BAE685BD44}.Release|Any CPU.ActiveCfg = Release|Any CPU
		{F067AF10-CA36-450C-8700-A0BAE685BD44}.Release|Any CPU.Build.0 = Release|Any CPU
	EndGlobalSection
	GlobalSection(SolutionProperties) = preSolution
		HideSolutionNode = FALSE
	EndGlobalSection
	GlobalSection(ExtensibilityGlobals) = postSolution
		SolutionGuid = {847E83E2-F341-4763-A955-1CAA0962AE45}
	EndGlobalSection
EndGlobal
